// !$*UTF8*$!
{
	archiveVersion = 1;
	classes = {
	};
	objectVersion = 55;
	objects = {

/* Begin PBXBuildFile section */
		71237C3629A93E7C001D845E /* UIColorExtension.swift in Sources */ = {isa = PBXBuildFile; fileRef = 71237C3529A93E7C001D845E /* UIColorExtension.swift */; };
		7139F7F329A7C30E0029347C /* AppDelegate.swift in Sources */ = {isa = PBXBuildFile; fileRef = 7139F7F229A7C30E0029347C /* AppDelegate.swift */; };
		7139F7F529A7C30E0029347C /* SceneDelegate.swift in Sources */ = {isa = PBXBuildFile; fileRef = 7139F7F429A7C30E0029347C /* SceneDelegate.swift */; };
		7139F7FC29A7C3120029347C /* Assets.xcassets in Resources */ = {isa = PBXBuildFile; fileRef = 7139F7FB29A7C3120029347C /* Assets.xcassets */; };
		7139F7FF29A7C3120029347C /* LaunchScreen.storyboard in Resources */ = {isa = PBXBuildFile; fileRef = 7139F7FD29A7C3120029347C /* LaunchScreen.storyboard */; };
		7139F80C29A7CC5E0029347C /* MainTabBarController.swift in Sources */ = {isa = PBXBuildFile; fileRef = 7139F80B29A7CC5E0029347C /* MainTabBarController.swift */; };
		7139F80E29A7CCE80029347C /* GamesViewController.swift in Sources */ = {isa = PBXBuildFile; fileRef = 7139F80D29A7CCE80029347C /* GamesViewController.swift */; };
		7139F81029A7CD1C0029347C /* SettingsViewController.swift in Sources */ = {isa = PBXBuildFile; fileRef = 7139F80F29A7CD1C0029347C /* SettingsViewController.swift */; };
		7139F81229A7CD3F0029347C /* PersonViewController.swift in Sources */ = {isa = PBXBuildFile; fileRef = 7139F81129A7CD3F0029347C /* PersonViewController.swift */; };
		71E9E81329AE6D6D00813442 /* GamesViewController.storyboard in Resources */ = {isa = PBXBuildFile; fileRef = 71E9E81229AE6D6D00813442 /* GamesViewController.storyboard */; };
		71E9E81B29AE72D700813442 /* TableViewCell.swift in Sources */ = {isa = PBXBuildFile; fileRef = 71E9E81A29AE72D700813442 /* TableViewCell.swift */; };
/* End PBXBuildFile section */

/* Begin PBXCopyFilesBuildPhase section */
		710547BE29AA1F9C004303E0 /* Embed Frameworks */ = {
			isa = PBXCopyFilesBuildPhase;
			buildActionMask = 2147483647;
			dstPath = "";
			dstSubfolderSpec = 10;
			files = (
			);
			name = "Embed Frameworks";
			runOnlyForDeploymentPostprocessing = 0;
		};
/* End PBXCopyFilesBuildPhase section */

/* Begin PBXFileReference section */
		364F437933AA2EC09209AED7 /* Pods-listOfGames.debug.xcconfig */ = {isa = PBXFileReference; includeInIndex = 1; lastKnownFileType = text.xcconfig; name = "Pods-listOfGames.debug.xcconfig"; path = "Target Support Files/Pods-listOfGames/Pods-listOfGames.debug.xcconfig"; sourceTree = "<group>"; };
		71237C3529A93E7C001D845E /* UIColorExtension.swift */ = {isa = PBXFileReference; lastKnownFileType = sourcecode.swift; path = UIColorExtension.swift; sourceTree = "<group>"; };
		7139F7EF29A7C30E0029347C /* listOfGames.app */ = {isa = PBXFileReference; explicitFileType = wrapper.application; includeInIndex = 0; path = listOfGames.app; sourceTree = BUILT_PRODUCTS_DIR; };
		7139F7F229A7C30E0029347C /* AppDelegate.swift */ = {isa = PBXFileReference; lastKnownFileType = sourcecode.swift; path = AppDelegate.swift; sourceTree = "<group>"; };
		7139F7F429A7C30E0029347C /* SceneDelegate.swift */ = {isa = PBXFileReference; lastKnownFileType = sourcecode.swift; path = SceneDelegate.swift; sourceTree = "<group>"; };
		7139F7FB29A7C3120029347C /* Assets.xcassets */ = {isa = PBXFileReference; lastKnownFileType = folder.assetcatalog; name = Assets.xcassets; path = ../Assets.xcassets; sourceTree = "<group>"; };
		7139F7FE29A7C3120029347C /* Base */ = {isa = PBXFileReference; lastKnownFileType = file.storyboard; name = Base; path = Base.lproj/LaunchScreen.storyboard; sourceTree = "<group>"; };
		7139F80029A7C3120029347C /* Info.plist */ = {isa = PBXFileReference; lastKnownFileType = text.plist.xml; path = Info.plist; sourceTree = "<group>"; };
		7139F80B29A7CC5E0029347C /* MainTabBarController.swift */ = {isa = PBXFileReference; lastKnownFileType = sourcecode.swift; path = MainTabBarController.swift; sourceTree = "<group>"; };
		7139F80D29A7CCE80029347C /* GamesViewController.swift */ = {isa = PBXFileReference; lastKnownFileType = sourcecode.swift; path = GamesViewController.swift; sourceTree = "<group>"; };
		7139F80F29A7CD1C0029347C /* SettingsViewController.swift */ = {isa = PBXFileReference; lastKnownFileType = sourcecode.swift; path = SettingsViewController.swift; sourceTree = "<group>"; };
		7139F81129A7CD3F0029347C /* PersonViewController.swift */ = {isa = PBXFileReference; lastKnownFileType = sourcecode.swift; path = PersonViewController.swift; sourceTree = "<group>"; };
		71E9E81229AE6D6D00813442 /* GamesViewController.storyboard */ = {isa = PBXFileReference; lastKnownFileType = file.storyboard; path = GamesViewController.storyboard; sourceTree = "<group>"; };
		71E9E81A29AE72D700813442 /* TableViewCell.swift */ = {isa = PBXFileReference; lastKnownFileType = sourcecode.swift; path = TableViewCell.swift; sourceTree = "<group>"; };
		F25CE8B5F47E95EDB5DFEC37 /* Pods-listOfGames.release.xcconfig */ = {isa = PBXFileReference; includeInIndex = 1; lastKnownFileType = text.xcconfig; name = "Pods-listOfGames.release.xcconfig"; path = "Target Support Files/Pods-listOfGames/Pods-listOfGames.release.xcconfig"; sourceTree = "<group>"; };
/* End PBXFileReference section */

/* Begin PBXFrameworksBuildPhase section */
		7139F7EC29A7C30E0029347C /* Frameworks */ = {
			isa = PBXFrameworksBuildPhase;
			buildActionMask = 2147483647;
			files = (
			);
			runOnlyForDeploymentPostprocessing = 0;
		};
/* End PBXFrameworksBuildPhase section */

/* Begin PBXGroup section */
		6256A0C1259FB852845A5168 /* Pods */ = {
			isa = PBXGroup;
			children = (
				364F437933AA2EC09209AED7 /* Pods-listOfGames.debug.xcconfig */,
				F25CE8B5F47E95EDB5DFEC37 /* Pods-listOfGames.release.xcconfig */,
			);
			path = Pods;
			sourceTree = "<group>";
		};
		7139F7E629A7C30E0029347C = {
			isa = PBXGroup;
			children = (
				7139F7F129A7C30E0029347C /* listOfGames */,
				7139F7F029A7C30E0029347C /* Products */,
				6256A0C1259FB852845A5168 /* Pods */,
				E7B26E932961BF358F1F68B5 /* Frameworks */,
			);
			sourceTree = "<group>";
		};
		7139F7F029A7C30E0029347C /* Products */ = {
			isa = PBXGroup;
			children = (
				7139F7EF29A7C30E0029347C /* listOfGames.app */,
			);
			name = Products;
			sourceTree = "<group>";
		};
		7139F7F129A7C30E0029347C /* listOfGames */ = {
			isa = PBXGroup;
			children = (
				7139F80B29A7CC5E0029347C /* MainTabBarController.swift */,
				7162C90129AD30600037C813 /* Modules */,
				7139F7F229A7C30E0029347C /* AppDelegate.swift */,
				7139F7F429A7C30E0029347C /* SceneDelegate.swift */,
				71237C3529A93E7C001D845E /* UIColorExtension.swift */,
				7139F80729A7C8DB0029347C /* support */,
				7139F80029A7C3120029347C /* Info.plist */,
			);
			path = listOfGames;
			sourceTree = "<group>";
		};
		7139F80729A7C8DB0029347C /* support */ = {
			isa = PBXGroup;
			children = (
				7139F7FB29A7C3120029347C /* Assets.xcassets */,
				7139F7FD29A7C3120029347C /* LaunchScreen.storyboard */,
			);
			path = support;
			sourceTree = "<group>";
		};
		7162C90129AD30600037C813 /* Modules */ = {
			isa = PBXGroup;
			children = (
				7162C90629AD31E90037C813 /* UserInfo */,
				7162C90429AD310B0037C813 /* Common */,
				7162C90529AD312E0037C813 /* Settings */,
				7162C90229AD30C10037C813 /* Games */,
			);
			path = Modules;
			sourceTree = "<group>";
		};
		7162C90229AD30C10037C813 /* Games */ = {
			isa = PBXGroup;
			children = (
				7162C90329AD30D50037C813 /* GameList */,
			);
			path = Games;
			sourceTree = "<group>";
		};
		7162C90329AD30D50037C813 /* GameList */ = {
			isa = PBXGroup;
			children = (
				7139F80D29A7CCE80029347C /* GamesViewController.swift */,
				71E9E81229AE6D6D00813442 /* GamesViewController.storyboard */,
			);
			path = GameList;
			sourceTree = "<group>";
		};
		7162C90429AD310B0037C813 /* Common */ = {
			isa = PBXGroup;
			children = (
				71E9E81A29AE72D700813442 /* TableViewCell.swift */,
			);
			path = Common;
			sourceTree = "<group>";
		};
		7162C90529AD312E0037C813 /* Settings */ = {
			isa = PBXGroup;
			children = (
				7139F80F29A7CD1C0029347C /* SettingsViewController.swift */,
			);
			path = Settings;
			sourceTree = "<group>";
		};
		7162C90629AD31E90037C813 /* UserInfo */ = {
			isa = PBXGroup;
			children = (
				7139F81129A7CD3F0029347C /* PersonViewController.swift */,
			);
			path = UserInfo;
			sourceTree = "<group>";
		};
		E7B26E932961BF358F1F68B5 /* Frameworks */ = {
			isa = PBXGroup;
			children = (
			);
			name = Frameworks;
			sourceTree = "<group>";
		};
/* End PBXGroup section */

/* Begin PBXNativeTarget section */
		7139F7EE29A7C30E0029347C /* listOfGames */ = {
			isa = PBXNativeTarget;
			buildConfigurationList = 7139F80329A7C3120029347C /* Build configuration list for PBXNativeTarget "listOfGames" */;
			buildPhases = (
				433DD0FC56FA9894AE58138C /* [CP] Check Pods Manifest.lock */,
				7139F7EB29A7C30E0029347C /* Sources */,
				7139F7EC29A7C30E0029347C /* Frameworks */,
				7139F7ED29A7C30E0029347C /* Resources */,
				710547BE29AA1F9C004303E0 /* Embed Frameworks */,
			);
			buildRules = (
			);
			dependencies = (
			);
			name = listOfGames;
			productName = listOfGames;
			productReference = 7139F7EF29A7C30E0029347C /* listOfGames.app */;
			productType = "com.apple.product-type.application";
		};
/* End PBXNativeTarget section */

/* Begin PBXProject section */
		7139F7E729A7C30E0029347C /* Project object */ = {
			isa = PBXProject;
			attributes = {
				BuildIndependentTargetsInParallel = 1;
				LastSwiftUpdateCheck = 1320;
				LastUpgradeCheck = 1320;
				TargetAttributes = {
					7139F7EE29A7C30E0029347C = {
						CreatedOnToolsVersion = 13.2.1;
					};
				};
			};
			buildConfigurationList = 7139F7EA29A7C30E0029347C /* Build configuration list for PBXProject "listOfGames" */;
			compatibilityVersion = "Xcode 13.0";
			developmentRegion = en;
			hasScannedForEncodings = 0;
			knownRegions = (
				en,
				Base,
			);
			mainGroup = 7139F7E629A7C30E0029347C;
			productRefGroup = 7139F7F029A7C30E0029347C /* Products */;
			projectDirPath = "";
			projectRoot = "";
			targets = (
				7139F7EE29A7C30E0029347C /* listOfGames */,
			);
		};
/* End PBXProject section */

/* Begin PBXResourcesBuildPhase section */
		7139F7ED29A7C30E0029347C /* Resources */ = {
			isa = PBXResourcesBuildPhase;
			buildActionMask = 2147483647;
			files = (
				7139F7FF29A7C3120029347C /* LaunchScreen.storyboard in Resources */,
				7139F7FC29A7C3120029347C /* Assets.xcassets in Resources */,
				71E9E81329AE6D6D00813442 /* GamesViewController.storyboard in Resources */,
			);
			runOnlyForDeploymentPostprocessing = 0;
		};
/* End PBXResourcesBuildPhase section */

/* Begin PBXShellScriptBuildPhase section */
		433DD0FC56FA9894AE58138C /* [CP] Check Pods Manifest.lock */ = {
			isa = PBXShellScriptBuildPhase;
			buildActionMask = 2147483647;
			files = (
			);
			inputFileListPaths = (
			);
			inputPaths = (
				"${PODS_PODFILE_DIR_PATH}/Podfile.lock",
				"${PODS_ROOT}/Manifest.lock",
			);
			name = "[CP] Check Pods Manifest.lock";
			outputFileListPaths = (
			);
			outputPaths = (
				"$(DERIVED_FILE_DIR)/Pods-listOfGames-checkManifestLockResult.txt",
			);
			runOnlyForDeploymentPostprocessing = 0;
			shellPath = /bin/sh;
			shellScript = "diff \"${PODS_PODFILE_DIR_PATH}/Podfile.lock\" \"${PODS_ROOT}/Manifest.lock\" > /dev/null\nif [ $? != 0 ] ; then\n    # print error to STDERR\n    echo \"error: The sandbox is not in sync with the Podfile.lock. Run 'pod install' or update your CocoaPods installation.\" >&2\n    exit 1\nfi\n# This output is used by Xcode 'outputs' to avoid re-running this script phase.\necho \"SUCCESS\" > \"${SCRIPT_OUTPUT_FILE_0}\"\n";
			showEnvVarsInLog = 0;
		};
/* End PBXShellScriptBuildPhase section */

/* Begin PBXSourcesBuildPhase section */
		7139F7EB29A7C30E0029347C /* Sources */ = {
			isa = PBXSourcesBuildPhase;
			buildActionMask = 2147483647;
			files = (
				7139F80E29A7CCE80029347C /* GamesViewController.swift in Sources */,
				71E9E81B29AE72D700813442 /* TableViewCell.swift in Sources */,
				71237C3629A93E7C001D845E /* UIColorExtension.swift in Sources */,
				7139F81229A7CD3F0029347C /* PersonViewController.swift in Sources */,
				7139F7F329A7C30E0029347C /* AppDelegate.swift in Sources */,
				7139F80C29A7CC5E0029347C /* MainTabBarController.swift in Sources */,
				7139F81029A7CD1C0029347C /* SettingsViewController.swift in Sources */,
				7139F7F529A7C30E0029347C /* SceneDelegate.swift in Sources */,
			);
			runOnlyForDeploymentPostprocessing = 0;
		};
/* End PBXSourcesBuildPhase section */

/* Begin PBXVariantGroup section */
		7139F7FD29A7C3120029347C /* LaunchScreen.storyboard */ = {
			isa = PBXVariantGroup;
			children = (
				7139F7FE29A7C3120029347C /* Base */,
			);
			name = LaunchScreen.storyboard;
			sourceTree = "<group>";
		};
/* End PBXVariantGroup section */

/* Begin XCBuildConfiguration section */
		7139F80129A7C3120029347C /* Debug */ = {
			isa = XCBuildConfiguration;
			buildSettings = {
				ALWAYS_SEARCH_USER_PATHS = NO;
				CLANG_ANALYZER_NONNULL = YES;
				CLANG_ANALYZER_NUMBER_OBJECT_CONVERSION = YES_AGGRESSIVE;
				CLANG_CXX_LANGUAGE_STANDARD = "gnu++17";
				CLANG_CXX_LIBRARY = "libc++";
				CLANG_ENABLE_MODULES = YES;
				CLANG_ENABLE_OBJC_ARC = YES;
				CLANG_ENABLE_OBJC_WEAK = YES;
				CLANG_WARN_BLOCK_CAPTURE_AUTORELEASING = YES;
				CLANG_WARN_BOOL_CONVERSION = YES;
				CLANG_WARN_COMMA = YES;
				CLANG_WARN_CONSTANT_CONVERSION = YES;
				CLANG_WARN_DEPRECATED_OBJC_IMPLEMENTATIONS = YES;
				CLANG_WARN_DIRECT_OBJC_ISA_USAGE = YES_ERROR;
				CLANG_WARN_DOCUMENTATION_COMMENTS = YES;
				CLANG_WARN_EMPTY_BODY = YES;
				CLANG_WARN_ENUM_CONVERSION = YES;
				CLANG_WARN_INFINITE_RECURSION = YES;
				CLANG_WARN_INT_CONVERSION = YES;
				CLANG_WARN_NON_LITERAL_NULL_CONVERSION = YES;
				CLANG_WARN_OBJC_IMPLICIT_RETAIN_SELF = YES;
				CLANG_WARN_OBJC_LITERAL_CONVERSION = YES;
				CLANG_WARN_OBJC_ROOT_CLASS = YES_ERROR;
				CLANG_WARN_QUOTED_INCLUDE_IN_FRAMEWORK_HEADER = YES;
				CLANG_WARN_RANGE_LOOP_ANALYSIS = YES;
				CLANG_WARN_STRICT_PROTOTYPES = YES;
				CLANG_WARN_SUSPICIOUS_MOVE = YES;
				CLANG_WARN_UNGUARDED_AVAILABILITY = YES_AGGRESSIVE;
				CLANG_WARN_UNREACHABLE_CODE = YES;
				CLANG_WARN__DUPLICATE_METHOD_MATCH = YES;
				COPY_PHASE_STRIP = NO;
				DEBUG_INFORMATION_FORMAT = dwarf;
				ENABLE_STRICT_OBJC_MSGSEND = YES;
				ENABLE_TESTABILITY = YES;
				GCC_C_LANGUAGE_STANDARD = gnu11;
				GCC_DYNAMIC_NO_PIC = NO;
				GCC_NO_COMMON_BLOCKS = YES;
				GCC_OPTIMIZATION_LEVEL = 0;
				GCC_PREPROCESSOR_DEFINITIONS = (
					"DEBUG=1",
					"$(inherited)",
				);
				GCC_WARN_64_TO_32_BIT_CONVERSION = YES;
				GCC_WARN_ABOUT_RETURN_TYPE = YES_ERROR;
				GCC_WARN_UNDECLARED_SELECTOR = YES;
				GCC_WARN_UNINITIALIZED_AUTOS = YES_AGGRESSIVE;
				GCC_WARN_UNUSED_FUNCTION = YES;
				GCC_WARN_UNUSED_VARIABLE = YES;
				IPHONEOS_DEPLOYMENT_TARGET = 15.2;
				MTL_ENABLE_DEBUG_INFO = INCLUDE_SOURCE;
				MTL_FAST_MATH = YES;
				ONLY_ACTIVE_ARCH = YES;
				SDKROOT = iphoneos;
				SWIFT_ACTIVE_COMPILATION_CONDITIONS = DEBUG;
				SWIFT_OPTIMIZATION_LEVEL = "-Onone";
			};
			name = Debug;
		};
		7139F80229A7C3120029347C /* Release */ = {
			isa = XCBuildConfiguration;
			buildSettings = {
				ALWAYS_SEARCH_USER_PATHS = NO;
				CLANG_ANALYZER_NONNULL = YES;
				CLANG_ANALYZER_NUMBER_OBJECT_CONVERSION = YES_AGGRESSIVE;
				CLANG_CXX_LANGUAGE_STANDARD = "gnu++17";
				CLANG_CXX_LIBRARY = "libc++";
				CLANG_ENABLE_MODULES = YES;
				CLANG_ENABLE_OBJC_ARC = YES;
				CLANG_ENABLE_OBJC_WEAK = YES;
				CLANG_WARN_BLOCK_CAPTURE_AUTORELEASING = YES;
				CLANG_WARN_BOOL_CONVERSION = YES;
				CLANG_WARN_COMMA = YES;
				CLANG_WARN_CONSTANT_CONVERSION = YES;
				CLANG_WARN_DEPRECATED_OBJC_IMPLEMENTATIONS = YES;
				CLANG_WARN_DIRECT_OBJC_ISA_USAGE = YES_ERROR;
				CLANG_WARN_DOCUMENTATION_COMMENTS = YES;
				CLANG_WARN_EMPTY_BODY = YES;
				CLANG_WARN_ENUM_CONVERSION = YES;
				CLANG_WARN_INFINITE_RECURSION = YES;
				CLANG_WARN_INT_CONVERSION = YES;
				CLANG_WARN_NON_LITERAL_NULL_CONVERSION = YES;
				CLANG_WARN_OBJC_IMPLICIT_RETAIN_SELF = YES;
				CLANG_WARN_OBJC_LITERAL_CONVERSION = YES;
				CLANG_WARN_OBJC_ROOT_CLASS = YES_ERROR;
				CLANG_WARN_QUOTED_INCLUDE_IN_FRAMEWORK_HEADER = YES;
				CLANG_WARN_RANGE_LOOP_ANALYSIS = YES;
				CLANG_WARN_STRICT_PROTOTYPES = YES;
				CLANG_WARN_SUSPICIOUS_MOVE = YES;
				CLANG_WARN_UNGUARDED_AVAILABILITY = YES_AGGRESSIVE;
				CLANG_WARN_UNREACHABLE_CODE = YES;
				CLANG_WARN__DUPLICATE_METHOD_MATCH = YES;
				COPY_PHASE_STRIP = NO;
				DEBUG_INFORMATION_FORMAT = "dwarf-with-dsym";
				ENABLE_NS_ASSERTIONS = NO;
				ENABLE_STRICT_OBJC_MSGSEND = YES;
				GCC_C_LANGUAGE_STANDARD = gnu11;
				GCC_NO_COMMON_BLOCKS = YES;
				GCC_WARN_64_TO_32_BIT_CONVERSION = YES;
				GCC_WARN_ABOUT_RETURN_TYPE = YES_ERROR;
				GCC_WARN_UNDECLARED_SELECTOR = YES;
				GCC_WARN_UNINITIALIZED_AUTOS = YES_AGGRESSIVE;
				GCC_WARN_UNUSED_FUNCTION = YES;
				GCC_WARN_UNUSED_VARIABLE = YES;
				IPHONEOS_DEPLOYMENT_TARGET = 15.2;
				MTL_ENABLE_DEBUG_INFO = NO;
				MTL_FAST_MATH = YES;
				SDKROOT = iphoneos;
				SWIFT_COMPILATION_MODE = wholemodule;
				SWIFT_OPTIMIZATION_LEVEL = "-O";
				VALIDATE_PRODUCT = YES;
			};
			name = Release;
		};
		7139F80429A7C3120029347C /* Debug */ = {
			isa = XCBuildConfiguration;
			baseConfigurationReference = 364F437933AA2EC09209AED7 /* Pods-listOfGames.debug.xcconfig */;
			buildSettings = {
				ASSETCATALOG_COMPILER_APPICON_NAME = AppIcon;
				ASSETCATALOG_COMPILER_GLOBAL_ACCENT_COLOR_NAME = AccentColor;
				CODE_SIGN_STYLE = Automatic;
				CURRENT_PROJECT_VERSION = 1;
				DEVELOPMENT_TEAM = 7J4J57Z46V;
				GENERATE_INFOPLIST_FILE = YES;
				INFOPLIST_FILE = listOfGames/Info.plist;
				INFOPLIST_KEY_UIApplicationSupportsIndirectInputEvents = YES;
				INFOPLIST_KEY_UILaunchStoryboardName = LaunchScreen;
				INFOPLIST_KEY_UISupportedInterfaceOrientations = "UIInterfaceOrientationPortrait UIInterfaceOrientationLandscapeLeft UIInterfaceOrientationLandscapeRight";
				INFOPLIST_KEY_UISupportedInterfaceOrientations_iPad = "UIInterfaceOrientationPortrait UIInterfaceOrientationPortraitUpsideDown UIInterfaceOrientationLandscapeLeft UIInterfaceOrientationLandscapeRight";
				INFOPLIST_KEY_UISupportedInterfaceOrientations_iPhone = "UIInterfaceOrientationPortrait UIInterfaceOrientationLandscapeLeft UIInterfaceOrientationLandscapeRight";
				LD_RUNPATH_SEARCH_PATHS = (
					"$(inherited)",
					"@executable_path/Frameworks",
				);
				MARKETING_VERSION = 1.0;
				PRODUCT_BUNDLE_IDENTIFIER = "my.personal-company.com.listOfGames";
				PRODUCT_NAME = "$(TARGET_NAME)";
				SWIFT_EMIT_LOC_STRINGS = YES;
				SWIFT_VERSION = 5.0;
				TARGETED_DEVICE_FAMILY = "1,2";
			};
			name = Debug;
		};
		7139F80529A7C3120029347C /* Release */ = {
			isa = XCBuildConfiguration;
			baseConfigurationReference = F25CE8B5F47E95EDB5DFEC37 /* Pods-listOfGames.release.xcconfig */;
			buildSettings = {
				ASSETCATALOG_COMPILER_APPICON_NAME = AppIcon;
				ASSETCATALOG_COMPILER_GLOBAL_ACCENT_COLOR_NAME = AccentColor;
				CODE_SIGN_STYLE = Automatic;
				CURRENT_PROJECT_VERSION = 1;
				DEVELOPMENT_TEAM = 7J4J57Z46V;
				GENERATE_INFOPLIST_FILE = YES;
				INFOPLIST_FILE = listOfGames/Info.plist;
				INFOPLIST_KEY_UIApplicationSupportsIndirectInputEvents = YES;
				INFOPLIST_KEY_UILaunchStoryboardName = LaunchScreen;
				INFOPLIST_KEY_UISupportedInterfaceOrientations = "UIInterfaceOrientationPortrait UIInterfaceOrientationLandscapeLeft UIInterfaceOrientationLandscapeRight";
				INFOPLIST_KEY_UISupportedInterfaceOrientations_iPad = "UIInterfaceOrientationPortrait UIInterfaceOrientationPortraitUpsideDown UIInterfaceOrientationLandscapeLeft UIInterfaceOrientationLandscapeRight";
				INFOPLIST_KEY_UISupportedInterfaceOrientations_iPhone = "UIInterfaceOrientationPortrait UIInterfaceOrientationLandscapeLeft UIInterfaceOrientationLandscapeRight";
				LD_RUNPATH_SEARCH_PATHS = (
					"$(inherited)",
					"@executable_path/Frameworks",
				);
				MARKETING_VERSION = 1.0;
				PRODUCT_BUNDLE_IDENTIFIER = "my.personal-company.com.listOfGames";
				PRODUCT_NAME = "$(TARGET_NAME)";
				SWIFT_EMIT_LOC_STRINGS = YES;
				SWIFT_VERSION = 5.0;
				TARGETED_DEVICE_FAMILY = "1,2";
			};
			name = Release;
		};
/* End XCBuildConfiguration section */

/* Begin XCConfigurationList section */
		7139F7EA29A7C30E0029347C /* Build configuration list for PBXProject "listOfGames" */ = {
			isa = XCConfigurationList;
			buildConfigurations = (
				7139F80129A7C3120029347C /* Debug */,
				7139F80229A7C3120029347C /* Release */,
			);
			defaultConfigurationIsVisible = 0;
			defaultConfigurationName = Release;
		};
		7139F80329A7C3120029347C /* Build configuration list for PBXNativeTarget "listOfGames" */ = {
			isa = XCConfigurationList;
			buildConfigurations = (
				7139F80429A7C3120029347C /* Debug */,
				7139F80529A7C3120029347C /* Release */,
			);
			defaultConfigurationIsVisible = 0;
			defaultConfigurationName = Release;
		};
/* End XCConfigurationList section */
	};
	rootObject = 7139F7E729A7C30E0029347C /* Project object */;
}
